
Microsoft Visual Studio Solution File, Format Version 12.00
# Visual Studio Version 16
VisualStudioVersion = 16.0.29709.97
MinimumVisualStudioVersion = 10.0.40219.1
Project("{FAE04EC0-301F-11D3-BF4B-00C04F79EFBC}") = "CustomerServiceLib", "CustomerServiceLib\CustomerServiceLib.csproj", "{7A733BD2-FC2A-4CAA-8D7B-E80801041B99}"
EndProject
Project("{FAE04EC0-301F-11D3-BF4B-00C04F79EFBC}") = "CustomerServiceLib.Test", "CustomerServiceLib.Test\CustomerServiceLib.Test.csproj", "{43A66172-82C0-4232-B88B-0E6D5F520098}"
EndProject
Global
	GlobalSection(SolutionConfigurationPlatforms) = preSolution
		Debug|Any CPU = Debug|Any CPU
		Release|Any CPU = Release|Any CPU
	EndGlobalSection
	GlobalSection(ProjectConfigurationPlatforms) = postSolution
		{7A733BD2-FC2A-4CAA-8D7B-E80801041B99}.Debug|Any CPU.ActiveCfg = Debug|Any CPU
		{7A733BD2-FC2A-4CAA-8D7B-E80801041B99}.Debug|Any CPU.Build.0 = Debug|Any CPU
		{7A733BD2-FC2A-4CAA-8D7B-E80801041B99}.Release|Any CPU.ActiveCfg = Release|Any CPU
		{7A733BD2-FC2A-4CAA-8D7B-E80801041B99}.Release|Any CPU.Build.0 = Release|Any CPU
		{43A66172-82C0-4232-B88B-0E6D5F520098}.Debug|Any CPU.ActiveCfg = Debug|Any CPU
		{43A66172-82C0-4232-B88B-0E6D5F520098}.Debug|Any CPU.Build.0 = Debug|Any CPU
		{43A66172-82C0-4232-B88B-0E6D5F520098}.Release|Any CPU.ActiveCfg = Release|Any CPU
		{43A66172-82C0-4232-B88B-0E6D5F520098}.Release|Any CPU.Build.0 = Release|Any CPU
	EndGlobalSection
	GlobalSection(SolutionProperties) = preSolution
		HideSolutionNode = FALSE
	EndGlobalSection
	GlobalSection(ExtensibilityGlobals) = postSolution
		SolutionGuid = {3B8260C4-D86F-44CD-8747-EC9E855938D3}
	EndGlobalSection
EndGlobal
